
Microsoft Visual Studio Solution File, Format Version 12.00
# Visual Studio Version 17
VisualStudioVersion = 17.0.31903.59
MinimumVisualStudioVersion = 10.0.40219.1
Project("{2150E333-8FDC-42A3-9474-1A3956D46DE8}") = "src", "src", "{04559151-CE50-43AF-9288-B2BF8D7329CA}"
EndProject
Project("{FAE04EC0-301F-11D3-BF4B-00C04F79EFBC}") = "OneOf.Extensions.Blazor", "src\OneOf.Extensions.Blazor\OneOf.Extensions.Blazor.csproj", "{954CE396-7B84-45A7-9D2B-2FF04342A7AB}"
EndProject
Global
	GlobalSection(SolutionConfigurationPlatforms) = preSolution
		Debug|Any CPU = Debug|Any CPU
		Release|Any CPU = Release|Any CPU
	EndGlobalSection
	GlobalSection(SolutionProperties) = preSolution
		HideSolutionNode = FALSE
	EndGlobalSection
	GlobalSection(ProjectConfigurationPlatforms) = postSolution
		{954CE396-7B84-45A7-9D2B-2FF04342A7AB}.Debug|Any CPU.ActiveCfg = Debug|Any CPU
		{954CE396-7B84-45A7-9D2B-2FF04342A7AB}.Debug|Any CPU.Build.0 = Debug|Any CPU
		{954CE396-7B84-45A7-9D2B-2FF04342A7AB}.Release|Any CPU.ActiveCfg = Release|Any CPU
		{954CE396-7B84-45A7-9D2B-2FF04342A7AB}.Release|Any CPU.Build.0 = Release|Any CPU
	EndGlobalSection
	GlobalSection(NestedProjects) = preSolution
		{954CE396-7B84-45A7-9D2B-2FF04342A7AB} = {04559151-CE50-43AF-9288-B2BF8D7329CA}
	EndGlobalSection
EndGlobal
